
Microsoft Visual Studio Solution File, Format Version 12.00
# Visual Studio Version 16
VisualStudioVersion = 16.0.32413.511
MinimumVisualStudioVersion = 10.0.40219.1
Project("{8BC9CEB8-8B4A-11D0-8D11-00A0C91BC942}") = "SIAOD10.1", "SIAOD10.1.vcxproj", "{001BA194-E34D-415E-9424-60B506EF02B5}"
EndProject
Global
	GlobalSection(SolutionConfigurationPlatforms) = preSolution
		Debug|x64 = Debug|x64
		Debug|x86 = Debug|x86
		Release|x64 = Release|x64
		Release|x86 = Release|x86
	EndGlobalSection
	GlobalSection(ProjectConfigurationPlatforms) = postSolution
		{001BA194-E34D-415E-9424-60B506EF02B5}.Debug|x64.ActiveCfg = Debug|x64
		{001BA194-E34D-415E-9424-60B506EF02B5}.Debug|x64.Build.0 = Debug|x64
		{001BA194-E34D-415E-9424-60B506EF02B5}.Debug|x86.ActiveCfg = Debug|Win32
		{001BA194-E34D-415E-9424-60B506EF02B5}.Debug|x86.Build.0 = Debug|Win32
		{001BA194-E34D-415E-9424-60B506EF02B5}.Release|x64.ActiveCfg = Release|x64
		{001BA194-E34D-415E-9424-60B506EF02B5}.Release|x64.Build.0 = Release|x64
		{001BA194-E34D-415E-9424-60B506EF02B5}.Release|x86.ActiveCfg = Release|Win32
		{001BA194-E34D-415E-9424-60B506EF02B5}.Release|x86.Build.0 = Release|Win32
	EndGlobalSection
	GlobalSection(SolutionProperties) = preSolution
		HideSolutionNode = FALSE
	EndGlobalSection
	GlobalSection(ExtensibilityGlobals) = postSolution
		SolutionGuid = {9BE2F189-EACC-4FF1-8A23-771A2BF2BA3A}
	EndGlobalSection
EndGlobal
